
Microsoft Visual Studio Solution File, Format Version 12.00
# Visual Studio 15
VisualStudioVersion = 15.0.28010.2003
MinimumVisualStudioVersion = 10.0.40219.1
Project("{FAE04EC0-301F-11D3-BF4B-00C04F79EFBC}") = "lands.Android", "lands\lands.Android\lands.Android.csproj", "{82E1B55B-22E2-4DD8-98A1-D2DB42D7C9AE}"
EndProject
Project("{FAE04EC0-301F-11D3-BF4B-00C04F79EFBC}") = "lands.iOS", "lands\lands.iOS\lands.iOS.csproj", "{66D2EF78-0A0F-4635-A744-3449802CF619}"
EndProject
Project("{FAE04EC0-301F-11D3-BF4B-00C04F79EFBC}") = "lands", "lands\lands\lands.csproj", "{957DCFFE-5699-44E8-8EC1-7B081E4C7FD1}"
EndProject
Global
	GlobalSection(SolutionConfigurationPlatforms) = preSolution
		Ad-Hoc|Any CPU = Ad-Hoc|Any CPU
		Ad-Hoc|iPhone = Ad-Hoc|iPhone
		Ad-Hoc|iPhoneSimulator = Ad-Hoc|iPhoneSimulator
		AppStore|Any CPU = AppStore|Any CPU
		AppStore|iPhone = AppStore|iPhone
		AppStore|iPhoneSimulator = AppStore|iPhoneSimulator
		Debug|Any CPU = Debug|Any CPU
		Debug|iPhone = Debug|iPhone
		Debug|iPhoneSimulator = Debug|iPhoneSimulator
		Release|Any CPU = Release|Any CPU
		Release|iPhone = Release|iPhone
		Release|iPhoneSimulator = Release|iPhoneSimulator
	EndGlobalSection
	GlobalSection(ProjectConfigurationPlatforms) = postSolution
		{82E1B55B-22E2-4DD8-98A1-D2DB42D7C9AE}.Ad-Hoc|Any CPU.ActiveCfg = Release|Any CPU
		{82E1B55B-22E2-4DD8-98A1-D2DB42D7C9AE}.Ad-Hoc|Any CPU.Build.0 = Release|Any CPU
		{82E1B55B-22E2-4DD8-98A1-D2DB42D7C9AE}.Ad-Hoc|Any CPU.Deploy.0 = Release|Any CPU
		{82E1B55B-22E2-4DD8-98A1-D2DB42D7C9AE}.Ad-Hoc|iPhone.ActiveCfg = Release|Any CPU
		{82E1B55B-22E2-4DD8-98A1-D2DB42D7C9AE}.Ad-Hoc|iPhone.Build.0 = Release|Any CPU
		{82E1B55B-22E2-4DD8-98A1-D2DB42D7C9AE}.Ad-Hoc|iPhone.Deploy.0 = Release|Any CPU
		{82E1B55B-22E2-4DD8-98A1-D2DB42D7C9AE}.Ad-Hoc|iPhoneSimulator.ActiveCfg = Release|Any CPU
		{82E1B55B-22E2-4DD8-98A1-D2DB42D7C9AE}.Ad-Hoc|iPhoneSimulator.Build.0 = Release|Any CPU
		{82E1B55B-22E2-4DD8-98A1-D2DB42D7C9AE}.Ad-Hoc|iPhoneSimulator.Deploy.0 = Release|Any CPU
		{82E1B55B-22E2-4DD8-98A1-D2DB42D7C9AE}.AppStore|Any CPU.ActiveCfg = Release|Any CPU
		{82E1B55B-22E2-4DD8-98A1-D2DB42D7C9AE}.AppStore|Any CPU.Build.0 = Release|Any CPU
		{82E1B55B-22E2-4DD8-98A1-D2DB42D7C9AE}.AppStore|Any CPU.Deploy.0 = Release|Any CPU
		{82E1B55B-22E2-4DD8-98A1-D2DB42D7C9AE}.AppStore|iPhone.ActiveCfg = Release|Any CPU
		{82E1B55B-22E2-4DD8-98A1-D2DB42D7C9AE}.AppStore|iPhone.Build.0 = Release|Any CPU
		{82E1B55B-22E2-4DD8-98A1-D2DB42D7C9AE}.AppStore|iPhone.Deploy.0 = Release|Any CPU
		{82E1B55B-22E2-4DD8-98A1-D2DB42D7C9AE}.AppStore|iPhoneSimulator.ActiveCfg = Release|Any CPU
		{82E1B55B-22E2-4DD8-98A1-D2DB42D7C9AE}.AppStore|iPhoneSimulator.Build.0 = Release|Any CPU
		{82E1B55B-22E2-4DD8-98A1-D2DB42D7C9AE}.AppStore|iPhoneSimulator.Deploy.0 = Release|Any CPU
		{82E1B55B-22E2-4DD8-98A1-D2DB42D7C9AE}.Debug|Any CPU.ActiveCfg = Debug|Any CPU
		{82E1B55B-22E2-4DD8-98A1-D2DB42D7C9AE}.Debug|Any CPU.Build.0 = Debug|Any CPU
		{82E1B55B-22E2-4DD8-98A1-D2DB42D7C9AE}.Debug|Any CPU.Deploy.0 = Debug|Any CPU
		{82E1B55B-22E2-4DD8-98A1-D2DB42D7C9AE}.Debug|iPhone.ActiveCfg = Debug|Any CPU
		{82E1B55B-22E2-4DD8-98A1-D2DB42D7C9AE}.Debug|iPhone.Build.0 = Debug|Any CPU
		{82E1B55B-22E2-4DD8-98A1-D2DB42D7C9AE}.Debug|iPhone.Deploy.0 = Debug|Any CPU
		{82E1B55B-22E2-4DD8-98A1-D2DB42D7C9AE}.Debug|iPhoneSimulator.ActiveCfg = Debug|Any CPU
		{82E1B55B-22E2-4DD8-98A1-D2DB42D7C9AE}.Debug|iPhoneSimulator.Build.0 = Debug|Any CPU
		{82E1B55B-22E2-4DD8-98A1-D2DB42D7C9AE}.Debug|iPhoneSimulator.Deploy.0 = Debug|Any CPU
		{82E1B55B-22E2-4DD8-98A1-D2DB42D7C9AE}.Release|Any CPU.ActiveCfg = Release|Any CPU
		{82E1B55B-22E2-4DD8-98A1-D2DB42D7C9AE}.Release|Any CPU.Build.0 = Release|Any CPU
		{82E1B55B-22E2-4DD8-98A1-D2DB42D7C9AE}.Release|Any CPU.Deploy.0 = Release|Any CPU
		{82E1B55B-22E2-4DD8-98A1-D2DB42D7C9AE}.Release|iPhone.ActiveCfg = Release|Any CPU
		{82E1B55B-22E2-4DD8-98A1-D2DB42D7C9AE}.Release|iPhone.Build.0 = Release|Any CPU
		{82E1B55B-22E2-4DD8-98A1-D2DB42D7C9AE}.Release|iPhone.Deploy.0 = Release|Any CPU
		{82E1B55B-22E2-4DD8-98A1-D2DB42D7C9AE}.Release|iPhoneSimulator.ActiveCfg = Release|Any CPU
		{82E1B55B-22E2-4DD8-98A1-D2DB42D7C9AE}.Release|iPhoneSimulator.Build.0 = Release|Any CPU
		{82E1B55B-22E2-4DD8-98A1-D2DB42D7C9AE}.Release|iPhoneSimulator.Deploy.0 = Release|Any CPU
		{66D2EF78-0A0F-4635-A744-3449802CF619}.Ad-Hoc|Any CPU.ActiveCfg = Ad-Hoc|iPhone
		{66D2EF78-0A0F-4635-A744-3449802CF619}.Ad-Hoc|Any CPU.Build.0 = Ad-Hoc|iPhone
		{66D2EF78-0A0F-4635-A744-3449802CF619}.Ad-Hoc|Any CPU.Deploy.0 = Ad-Hoc|iPhone
		{66D2EF78-0A0F-4635-A744-3449802CF619}.Ad-Hoc|iPhone.ActiveCfg = Ad-Hoc|iPhone
		{66D2EF78-0A0F-4635-A744-3449802CF619}.Ad-Hoc|iPhone.Build.0 = Ad-Hoc|iPhone
		{66D2EF78-0A0F-4635-A744-3449802CF619}.Ad-Hoc|iPhone.Deploy.0 = Ad-Hoc|iPhone
		{66D2EF78-0A0F-4635-A744-3449802CF619}.Ad-Hoc|iPhoneSimulator.ActiveCfg = Ad-Hoc|iPhoneSimulator
		{66D2EF78-0A0F-4635-A744-3449802CF619}.Ad-Hoc|iPhoneSimulator.Build.0 = Ad-Hoc|iPhoneSimulator
		{66D2EF78-0A0F-4635-A744-3449802CF619}.Ad-Hoc|iPhoneSimulator.Deploy.0 = Ad-Hoc|iPhoneSimulator
		{66D2EF78-0A0F-4635-A744-3449802CF619}.AppStore|Any CPU.ActiveCfg = AppStore|iPhone
		{66D2EF78-0A0F-4635-A744-3449802CF619}.AppStore|Any CPU.Build.0 = AppStore|iPhone
		{66D2EF78-0A0F-4635-A744-3449802CF619}.AppStore|Any CPU.Deploy.0 = AppStore|iPhone
		{66D2EF78-0A0F-4635-A744-3449802CF619}.AppStore|iPhone.ActiveCfg = AppStore|iPhone
		{66D2EF78-0A0F-4635-A744-3449802CF619}.AppStore|iPhone.Build.0 = AppStore|iPhone
		{66D2EF78-0A0F-4635-A744-3449802CF619}.AppStore|iPhone.Deploy.0 = AppStore|iPhone
		{66D2EF78-0A0F-4635-A744-3449802CF619}.AppStore|iPhoneSimulator.ActiveCfg = AppStore|iPhoneSimulator
		{66D2EF78-0A0F-4635-A744-3449802CF619}.AppStore|iPhoneSimulator.Build.0 = AppStore|iPhoneSimulator
		{66D2EF78-0A0F-4635-A744-3449802CF619}.AppStore|iPhoneSimulator.Deploy.0 = AppStore|iPhoneSimulator
		{66D2EF78-0A0F-4635-A744-3449802CF619}.Debug|Any CPU.ActiveCfg = Debug|iPhoneSimulator
		{66D2EF78-0A0F-4635-A744-3449802CF619}.Debug|Any CPU.Build.0 = Debug|iPhoneSimulator
		{66D2EF78-0A0F-4635-A744-3449802CF619}.Debug|Any CPU.Deploy.0 = Debug|iPhoneSimulator
		{66D2EF78-0A0F-4635-A744-3449802CF619}.Debug|iPhone.ActiveCfg = Debug|iPhone
		{66D2EF78-0A0F-4635-A744-3449802CF619}.Debug|iPhone.Build.0 = Debug|iPhone
		{66D2EF78-0A0F-4635-A744-3449802CF619}.Debug|iPhone.Deploy.0 = Debug|iPhone
		{66D2EF78-0A0F-4635-A744-3449802CF619}.Debug|iPhoneSimulator.ActiveCfg = Debug|iPhoneSimulator
		{66D2EF78-0A0F-4635-A744-3449802CF619}.Debug|iPhoneSimulator.Build.0 = Debug|iPhoneSimulator
		{66D2EF78-0A0F-4635-A744-3449802CF619}.Debug|iPhoneSimulator.Deploy.0 = Debug|iPhoneSimulator
		{66D2EF78-0A0F-4635-A744-3449802CF619}.Release|Any CPU.ActiveCfg = Release|iPhone
		{66D2EF78-0A0F-4635-A744-3449802CF619}.Release|Any CPU.Build.0 = Release|iPhone
		{66D2EF78-0A0F-4635-A744-3449802CF619}.Release|Any CPU.Deploy.0 = Release|iPhone
		{66D2EF78-0A0F-4635-A744-3449802CF619}.Release|iPhone.ActiveCfg = Release|iPhone
		{66D2EF78-0A0F-4635-A744-3449802CF619}.Release|iPhone.Build.0 = Release|iPhone
		{66D2EF78-0A0F-4635-A744-3449802CF619}.Release|iPhone.Deploy.0 = Release|iPhone
		{66D2EF78-0A0F-4635-A744-3449802CF619}.Release|iPhoneSimulator.ActiveCfg = Release|iPhoneSimulator
		{66D2EF78-0A0F-4635-A744-3449802CF619}.Release|iPhoneSimulator.Build.0 = Release|iPhoneSimulator
		{66D2EF78-0A0F-4635-A744-3449802CF619}.Release|iPhoneSimulator.Deploy.0 = Release|iPhoneSimulator
		{957DCFFE-5699-44E8-8EC1-7B081E4C7FD1}.Ad-Hoc|Any CPU.ActiveCfg = Debug|Any CPU
		{957DCFFE-5699-44E8-8EC1-7B081E4C7FD1}.Ad-Hoc|Any CPU.Build.0 = Debug|Any CPU
		{957DCFFE-5699-44E8-8EC1-7B081E4C7FD1}.Ad-Hoc|Any CPU.Deploy.0 = Debug|Any CPU
		{957DCFFE-5699-44E8-8EC1-7B081E4C7FD1}.Ad-Hoc|iPhone.ActiveCfg = Debug|Any CPU
		{957DCFFE-5699-44E8-8EC1-7B081E4C7FD1}.Ad-Hoc|iPhone.Build.0 = Debug|Any CPU
		{957DCFFE-5699-44E8-8EC1-7B081E4C7FD1}.Ad-Hoc|iPhone.Deploy.0 = Debug|Any CPU
		{957DCFFE-5699-44E8-8EC1-7B081E4C7FD1}.Ad-Hoc|iPhoneSimulator.ActiveCfg = Debug|Any CPU
		{957DCFFE-5699-44E8-8EC1-7B081E4C7FD1}.Ad-Hoc|iPhoneSimulator.Build.0 = Debug|Any CPU
		{957DCFFE-5699-44E8-8EC1-7B081E4C7FD1}.Ad-Hoc|iPhoneSimulator.Deploy.0 = Debug|Any CPU
		{957DCFFE-5699-44E8-8EC1-7B081E4C7FD1}.AppStore|Any CPU.ActiveCfg = Debug|Any CPU
		{957DCFFE-5699-44E8-8EC1-7B081E4C7FD1}.AppStore|Any CPU.Build.0 = Debug|Any CPU
		{957DCFFE-5699-44E8-8EC1-7B081E4C7FD1}.AppStore|Any CPU.Deploy.0 = Debug|Any CPU
		{957DCFFE-5699-44E8-8EC1-7B081E4C7FD1}.AppStore|iPhone.ActiveCfg = Debug|Any CPU
		{957DCFFE-5699-44E8-8EC1-7B081E4C7FD1}.AppStore|iPhone.Build.0 = Debug|Any CPU
		{957DCFFE-5699-44E8-8EC1-7B081E4C7FD1}.AppStore|iPhone.Deploy.0 = Debug|Any CPU
		{957DCFFE-5699-44E8-8EC1-7B081E4C7FD1}.AppStore|iPhoneSimulator.ActiveCfg = Debug|Any CPU
		{957DCFFE-5699-44E8-8EC1-7B081E4C7FD1}.AppStore|iPhoneSimulator.Build.0 = Debug|Any CPU
		{957DCFFE-5699-44E8-8EC1-7B081E4C7FD1}.AppStore|iPhoneSimulator.Deploy.0 = Debug|Any CPU
		{957DCFFE-5699-44E8-8EC1-7B081E4C7FD1}.Debug|Any CPU.ActiveCfg = Debug|Any CPU
		{957DCFFE-5699-44E8-8EC1-7B081E4C7FD1}.Debug|Any CPU.Build.0 = Debug|Any CPU
		{957DCFFE-5699-44E8-8EC1-7B081E4C7FD1}.Debug|Any CPU.Deploy.0 = Debug|Any CPU
		{957DCFFE-5699-44E8-8EC1-7B081E4C7FD1}.Debug|iPhone.ActiveCfg = Debug|Any CPU
		{957DCFFE-5699-44E8-8EC1-7B081E4C7FD1}.Debug|iPhone.Build.0 = Debug|Any CPU
		{957DCFFE-5699-44E8-8EC1-7B081E4C7FD1}.Debug|iPhone.Deploy.0 = Debug|Any CPU
		{957DCFFE-5699-44E8-8EC1-7B081E4C7FD1}.Debug|iPhoneSimulator.ActiveCfg = Debug|Any CPU
		{957DCFFE-5699-44E8-8EC1-7B081E4C7FD1}.Debug|iPhoneSimulator.Build.0 = Debug|Any CPU
		{957DCFFE-5699-44E8-8EC1-7B081E4C7FD1}.Debug|iPhoneSimulator.Deploy.0 = Debug|Any CPU
		{957DCFFE-5699-44E8-8EC1-7B081E4C7FD1}.Release|Any CPU.ActiveCfg = Release|Any CPU
		{957DCFFE-5699-44E8-8EC1-7B081E4C7FD1}.Release|Any CPU.Build.0 = Release|Any CPU
		{957DCFFE-5699-44E8-8EC1-7B081E4C7FD1}.Release|Any CPU.Deploy.0 = Release|Any CPU
		{957DCFFE-5699-44E8-8EC1-7B081E4C7FD1}.Release|iPhone.ActiveCfg = Release|Any CPU
		{957DCFFE-5699-44E8-8EC1-7B081E4C7FD1}.Release|iPhone.Build.0 = Release|Any CPU
		{957DCFFE-5699-44E8-8EC1-7B081E4C7FD1}.Release|iPhone.Deploy.0 = Release|Any CPU
		{957DCFFE-5699-44E8-8EC1-7B081E4C7FD1}.Release|iPhoneSimulator.ActiveCfg = Release|Any CPU
		{957DCFFE-5699-44E8-8EC1-7B081E4C7FD1}.Release|iPhoneSimulator.Build.0 = Release|Any CPU
		{957DCFFE-5699-44E8-8EC1-7B081E4C7FD1}.Release|iPhoneSimulator.Deploy.0 = Release|Any CPU
	EndGlobalSection
	GlobalSection(SolutionProperties) = preSolution
		HideSolutionNode = FALSE
	EndGlobalSection
	GlobalSection(ExtensibilityGlobals) = postSolution
		SolutionGuid = {E238A935-A556-48B1-877C-DAB4D664F02C}
	EndGlobalSection
EndGlobal
